# This file is autogenerated, do not edit; changes may be undone by the next 'dep ensure'.


[[projects]]
  digest = "1:b39cf81d5f440b9c0757a25058432d33af867e5201109bf53621356d9dab4b73"
  name = "git.apache.org/thrift.git"
  packages = ["lib/go/thrift"]
  pruneopts = "UT"
  revision = "384647d290e2e4a55a14b1b7ef1b7e66293a2c33"
  version = "v0.12.0"

[[projects]]
  digest = "1:f9ae348e1f793dcf9ed930ed47136a67343dbd6809c5c91391322267f4476892"
  name = "github.com/Microsoft/go-winio"
  packages = ["."]
  pruneopts = "UT"
  revision = "1a8911d1ed007260465c3bfbbc785ac6915a0bb8"
  version = "v0.4.12"

[[projects]]
  branch = "master"
  digest = "1:62737c77426b1784408f1908fb6aab50bdb1732396489a79b03c655643b0f4b2"
  name = "github.com/jacobsa/go-serial"
  packages = ["serial"]
  pruneopts = "UT"
  revision = "15cf729a72d49e837fa047a4142fa6e4d5ab45a1"

[[projects]]
  branch = "master"
  digest = "1:ecd63aa2a48b3b5ba185b18f7969d7627d6f82a072bd8578b993f44569f6902f"
  name = "github.com/kolide/osquery-go"
  packages = [
    ".",
    "gen/osquery",
    "transport",
  ]
  pruneopts = "UT"
  revision = "be0a8de4cf1d32b0e06dc867f0af55d00cfdfda0"

[[projects]]
  digest = "1:cf31692c14422fa27c83a05292eb5cbe0fb2775972e8f1f8446a71549bd8980b"
  name = "github.com/pkg/errors"
  packages = ["."]
  pruneopts = "UT"
  revision = "ba968bfe8b2f7e042a574c888954fccecfa385b4"
  version = "v0.8.1"

[[projects]]
  branch = "master"
  digest = "1:7e36baab8355a15e23d07020ca7a9255e1677c5f31186e0de4ce68fa58eb17bb"
  name = "github.com/ssimunic/gosensors"
  packages = ["."]
  pruneopts = "UT"
  revision = "e7ab9a4e799b0ab8368b6e5f1f67f4b126e6a309"

[[projects]]
  branch = "master"
  digest = "1:84634db3c6385a120c926d800106c52269a084b849c1c25e276284c9232ad641"
  name = "golang.org/x/sys"
  packages = [
    "unix",
    "windows",
  ]
  pruneopts = "UT"
  revision = "572b51eaf7221935bdec454796989ba8318fa6f3"

[solve-meta]
  analyzer-name = "dep"
  analyzer-version = 1
  input-imports = [
    "github.com/jacobsa/go-serial/serial",
    "github.com/kolide/osquery-go",
    "github.com/ssimunic/gosensors",
  ]
  solver-name = "gps-cdcl"
  solver-version = 1
